{
    "name": "SignalRdotNetAngular5",
    "version": "0.0.0",
    "lockfileVersion": 1,
    "requires": true,
    "dependencies": {
        "@aspnet/signalr": {
            "version": "3.0.0-alpha1-10620",
            "resolved": "https://dotnet.myget.org/F/aspnetcore-dev/npm/@aspnet/signalr/-/@aspnet/signalr-3.0.0-alpha1-10620.tgz",
            "integrity": "sha1-n+bmeY5eL+aigQ4bdMat4ICOqkU=",
            "requires": {
                "eventsource": "1.0.7",
                "ws": "6.1.0"
            }
        },
        "async-limiter": {
            "version": "1.0.0",
            "resolved": "https://registry.npmjs.org/async-limiter/-/async-limiter-1.0.0.tgz",
            "integrity": "sha512-jp/uFnooOiO+L211eZOoSyzpOITMXx1rBITauYykG3BRYPu8h0UcxsPNB04RR5vo4Tyz3+ay17tR6JVf9qzYWg=="
        },
        "eventsource": {
            "version": "1.0.7",
            "resolved": "https://registry.npmjs.org/eventsource/-/eventsource-1.0.7.tgz",
            "integrity": "sha512-4Ln17+vVT0k8aWq+t/bF5arcS3EpT9gYtW66EPacdj/mAFevznsnyoHLPy2BA8gbIQeIHoPsvwmfBftfcG//BQ==",
            "requires": {
                "original": "1.0.2"
            }
        },
        "original": {
            "version": "1.0.2",
            "resolved": "https://registry.npmjs.org/original/-/original-1.0.2.tgz",
            "integrity": "sha512-hyBVl6iqqUOJ8FqRe+l/gS8H+kKYjrEndd5Pm1MfBtsEKA038HkkdbAl/72EAXGyonD/PFsvmVG+EvcIpliMBg==",
            "requires": {
                "url-parse": "1.4.3"
            }
        },
        "querystringify": {
            "version": "2.1.0",
            "resolved": "https://registry.npmjs.org/querystringify/-/querystringify-2.1.0.tgz",
            "integrity": "sha512-sluvZZ1YiTLD5jsqZcDmFyV2EwToyXZBfpoVOmktMmW+VEnhgakFHnasVph65fOjGPTWN0Nw3+XQaSeMayr0kg=="
        },
        "requires-port": {
            "version": "1.0.0",
            "resolved": "https://registry.npmjs.org/requires-port/-/requires-port-1.0.0.tgz",
            "integrity": "sha1-kl0mAdOaxIXgkc8NpcbmlNw9yv8="
        },
        "url-parse": {
            "version": "1.4.3",
            "resolved": "https://registry.npmjs.org/url-parse/-/url-parse-1.4.3.tgz",
            "integrity": "sha512-rh+KuAW36YKo0vClhQzLLveoj8FwPJNu65xLb7Mrt+eZht0IPT0IXgSv8gcMegZ6NvjJUALf6Mf25POlMwD1Fw==",
            "requires": {
                "querystringify": "2.1.0",
                "requires-port": "1.0.0"
            }
        },
        "ws": {
            "version": "6.1.0",
            "resolved": "https://registry.npmjs.org/ws/-/ws-6.1.0.tgz",
            "integrity": "sha512-H3dGVdGvW2H8bnYpIDc3u3LH8Wue3Qh+Zto6aXXFzvESkTVT6rAfKR6tR/+coaUvxs8yHtmNV0uioBF62ZGSTg==",
            "requires": {
                "async-limiter": "1.0.0"
            }
        }
    }
}
